<?xml version="1.0" encoding="UTF-8"?>
<Scheme
   LastUpgradeVersion = "1430"
   version = "1.7">
   <BuildAction
      parallelizeBuildables = "YES"
      buildImplicitDependencies = "YES"
      runPostActionsOnFailure = "NO">
      <BuildActionEntries>
         <BuildActionEntry
            buildForTesting = "YES"
            buildForRunning = "YES"
            buildForProfiling = "YES"
            buildForArchiving = "YES"
            buildForAnalyzing = "YES">
            <BuildableReference
               BuildableIdentifier = "primary"
               BlueprintIdentifier = "CF2937F36F66A8C0FE77250E"
               BuildableName = "AcademyWatch.app"
               BlueprintName = "AcademyWatch"
               ReferencedContainer = "container:AcademyWatch.xcodeproj">
            </BuildableReference>
         </BuildActionEntry>
         <BuildActionEntry
            buildForTesting = "YES"
            buildForRunning = "NO"
            buildForProfiling = "NO"
            buildForArchiving = "NO"
            buildForAnalyzing = "NO">
            <BuildableReference
               BuildableIdentifier = "primary"
               BlueprintIdentifier = "2BF913805A5A17908892F84D"
               BuildableName = "AcademyWatchUITests.xctest"
               BlueprintName = "AcademyWatchUITests"
               ReferencedContainer = "container:AcademyWatch.xcodeproj">
            </BuildableReference>
         </BuildActionEntry>
      </BuildActionEntries>
   </BuildAction>
   <TestAction
      buildConfiguration = "Debug"
      selectedDebuggerIdentifier = "Xcode.DebuggerFoundation.Debugger.LLDB"
      selectedLauncherIdentifier = "Xcode.DebuggerFoundation.Launcher.LLDB"
      shouldUseLaunchSchemeArgsEnv = "NO"
      onlyGenerateCoverageForSpecifiedTargets = "NO"
      systemAttachmentLifetime = "keepNever">
      <MacroExpansion>
         <BuildableReference
            BuildableIdentifier = "primary"
            BlueprintIdentifier = "CF2937F36F66A8C0FE77250E"
            BuildableName = "AcademyWatch.app"
            BlueprintName = "AcademyWatch"
            ReferencedContainer = "container:AcademyWatch.xcodeproj">
         </BuildableReference>
      </MacroExpansion>
      <Testables>
         <TestableReference
            skipped = "NO"
            parallelizable = "NO"
            useTestSelectionWhitelist = "YES">
            <BuildableReference
               BuildableIdentifier = "primary"
               BlueprintIdentifier = "2BF913805A5A17908892F84D"
               BuildableName = "AcademyWatchUITests.xctest"
               BlueprintName = "AcademyWatchUITests"
               ReferencedContainer = "container:AcademyWatch.xcodeproj">
            </BuildableReference>
            <SelectedTests>
               <Test
                  Identifier = "Phase2UITests">
               </Test>
               <Test
                  Identifier = "PlayerClubExperienceUITests">
               </Test>
               <Test
                  Identifier = "JourneyRunnerUITests">
               </Test>
               <Test
                  Identifier = "GolChatUITests">
               </Test>
            </SelectedTests>
         </TestableReference>
      </Testables>
      <CommandLineArguments>
      </CommandLineArguments>
      <EnvironmentVariables>
         <EnvironmentVariable
            key = "ACADEMY_LOCAL_API_URL"
            value = "http://127.0.0.1:9/api"
            isEnabled = "YES">
         </EnvironmentVariable>
      </EnvironmentVariables>
   </TestAction>
   <LaunchAction
      buildConfiguration = "Debug"
      selectedDebuggerIdentifier = "Xcode.DebuggerFoundation.Debugger.LLDB"
      selectedLauncherIdentifier = "Xcode.DebuggerFoundation.Launcher.LLDB"
      launchStyle = "0"
      useCustomWorkingDirectory = "NO"
      ignoresPersistentStateOnLaunch = "NO"
      debugDocumentVersioning = "YES"
      debugServiceExtension = "internal"
      allowLocationSimulation = "YES">
      <BuildableProductRunnable
         runnableDebuggingMode = "0">
         <BuildableReference
            BuildableIdentifier = "primary"
            BlueprintIdentifier = "CF2937F36F66A8C0FE77250E"
            BuildableName = "AcademyWatch.app"
            BlueprintName = "AcademyWatch"
            ReferencedContainer = "container:AcademyWatch.xcodeproj">
         </BuildableReference>
      </BuildableProductRunnable>
      <CommandLineArguments>
      </CommandLineArguments>
      <EnvironmentVariables>
         <EnvironmentVariable
            key = "ACADEMY_LOCAL_API_URL"
            value = "https://basecamp.tail37b60.ts.net:15443/api"
            isEnabled = "YES">
         </EnvironmentVariable>
      </EnvironmentVariables>
   </LaunchAction>
   <ProfileAction
      buildConfiguration = "Release"
      shouldUseLaunchSchemeArgsEnv = "YES"
      savedToolIdentifier = ""
      useCustomWorkingDirectory = "NO"
      debugDocumentVersioning = "YES">
      <BuildableProductRunnable
         runnableDebuggingMode = "0">
         <BuildableReference
            BuildableIdentifier = "primary"
            BlueprintIdentifier = "CF2937F36F66A8C0FE77250E"
            BuildableName = "AcademyWatch.app"
            BlueprintName = "AcademyWatch"
            ReferencedContainer = "container:AcademyWatch.xcodeproj">
         </BuildableReference>
      </BuildableProductRunnable>
   </ProfileAction>
   <AnalyzeAction
      buildConfiguration = "Debug">
   </AnalyzeAction>
   <ArchiveAction
      buildConfiguration = "Release"
      revealArchiveInOrganizer = "YES">
   </ArchiveAction>
</Scheme>
